// !$*UTF8*$!
{
	archiveVersion = 1;
	classes = {
	};
	objectVersion = 46;
	objects = {

/* Begin PBXBuildFile section */
		03779C5C1EB426B500D2CF9C /* AppDelegate.swift in Sources */ = {isa = PBXBuildFile; fileRef = 03779C5B1EB426B500D2CF9C /* AppDelegate.swift */; };
		03779C5E1EB426B500D2CF9C /* ViewController.swift in Sources */ = {isa = PBXBuildFile; fileRef = 03779C5D1EB426B500D2CF9C /* ViewController.swift */; };
		03779C611EB426B500D2CF9C /* Main.storyboard in Resources */ = {isa = PBXBuildFile; fileRef = 03779C5F1EB426B500D2CF9C /* Main.storyboard */; };
		03779C631EB426B600D2CF9C /* Assets.xcassets in Resources */ = {isa = PBXBuildFile; fileRef = 03779C621EB426B600D2CF9C /* Assets.xcassets */; };
		03779C661EB426B600D2CF9C /* LaunchScreen.storyboard in Resources */ = {isa = PBXBuildFile; fileRef = 03779C641EB426B600D2CF9C /* LaunchScreen.storyboard */; };
		03779C711EB426B600D2CF9C /* VirtualTouristTests.swift in Sources */ = {isa = PBXBuildFile; fileRef = 03779C701EB426B600D2CF9C /* VirtualTouristTests.swift */; };
		03779C7C1EB426B600D2CF9C /* VirtualTouristUITests.swift in Sources */ = {isa = PBXBuildFile; fileRef = 03779C7B1EB426B600D2CF9C /* VirtualTouristUITests.swift */; };
/* End PBXBuildFile section */

/* Begin PBXContainerItemProxy section */
		03779C6D1EB426B600D2CF9C /* PBXContainerItemProxy */ = {
			isa = PBXContainerItemProxy;
			containerPortal = 03779C501EB426B300D2CF9C /* Project object */;
			proxyType = 1;
			remoteGlobalIDString = 03779C571EB426B400D2CF9C;
			remoteInfo = VirtualTourist;
		};
		03779C781EB426B600D2CF9C /* PBXContainerItemProxy */ = {
			isa = PBXContainerItemProxy;
			containerPortal = 03779C501EB426B300D2CF9C /* Project object */;
			proxyType = 1;
			remoteGlobalIDString = 03779C571EB426B400D2CF9C;
			remoteInfo = VirtualTourist;
		};
/* End PBXContainerItemProxy section */

/* Begin PBXFileReference section */
		03779C581EB426B400D2CF9C /* VirtualTourist.app */ = {isa = PBXFileReference; explicitFileType = wrapper.application; includeInIndex = 0; path = VirtualTourist.app; sourceTree = BUILT_PRODUCTS_DIR; };
		03779C5B1EB426B500D2CF9C /* AppDelegate.swift */ = {isa = PBXFileReference; lastKnownFileType = sourcecode.swift; path = AppDelegate.swift; sourceTree = "<group>"; };
		03779C5D1EB426B500D2CF9C /* ViewController.swift */ = {isa = PBXFileReference; lastKnownFileType = sourcecode.swift; path = ViewController.swift; sourceTree = "<group>"; };
		03779C601EB426B500D2CF9C /* Base */ = {isa = PBXFileReference; lastKnownFileType = file.storyboard; name = Base; path = Base.lproj/Main.storyboard; sourceTree = "<group>"; };
		03779C621EB426B600D2CF9C /* Assets.xcassets */ = {isa = PBXFileReference; lastKnownFileType = folder.assetcatalog; path = Assets.xcassets; sourceTree = "<group>"; };
		03779C651EB426B600D2CF9C /* Base */ = {isa = PBXFileReference; lastKnownFileType = file.storyboard; name = Base; path = Base.lproj/LaunchScreen.storyboard; sourceTree = "<group>"; };
		03779C671EB426B600D2CF9C /* Info.plist */ = {isa = PBXFileReference; lastKnownFileType = text.plist.xml; path = Info.plist; sourceTree = "<group>"; };
		03779C6C1EB426B600D2CF9C /* VirtualTouristTests.xctest */ = {isa = PBXFileReference; explicitFileType = wrapper.cfbundle; includeInIndex = 0; path = VirtualTouristTests.xctest; sourceTree = BUILT_PRODUCTS_DIR; };
		03779C701EB426B600D2CF9C /* VirtualTouristTests.swift */ = {isa = PBXFileReference; lastKnownFileType = sourcecode.swift; path = VirtualTouristTests.swift; sourceTree = "<group>"; };
		03779C721EB426B600D2CF9C /* Info.plist */ = {isa = PBXFileReference; lastKnownFileType = text.plist.xml; path = Info.plist; sourceTree = "<group>"; };
		03779C771EB426B600D2CF9C /* VirtualTouristUITests.xctest */ = {isa = PBXFileReference; explicitFileType = wrapper.cfbundle; includeInIndex = 0; path = VirtualTouristUITests.xctest; sourceTree = BUILT_PRODUCTS_DIR; };
		03779C7B1EB426B600D2CF9C /* VirtualTouristUITests.swift */ = {isa = PBXFileReference; lastKnownFileType = sourcecode.swift; path = VirtualTouristUITests.swift; sourceTree = "<group>"; };
		03779C7D1EB426B600D2CF9C /* Info.plist */ = {isa = PBXFileReference; lastKnownFileType = text.plist.xml; path = Info.plist; sourceTree = "<group>"; };
/* End PBXFileReference section */

/* Begin PBXFrameworksBuildPhase section */
		03779C551EB426B400D2CF9C /* Frameworks */ = {
			isa = PBXFrameworksBuildPhase;
			buildActionMask = 2147483647;
			files = (
			);
			runOnlyForDeploymentPostprocessing = 0;
		};
		03779C691EB426B600D2CF9C /* Frameworks */ = {
			isa = PBXFrameworksBuildPhase;
			buildActionMask = 2147483647;
			files = (
			);
			runOnlyForDeploymentPostprocessing = 0;
		};
		03779C741EB426B600D2CF9C /* Frameworks */ = {
			isa = PBXFrameworksBuildPhase;
			buildActionMask = 2147483647;
			files = (
			);
			runOnlyForDeploymentPostprocessing = 0;
		};
/* End PBXFrameworksBuildPhase section */

/* Begin PBXGroup section */
		03779C4F1EB426B300D2CF9C = {
			isa = PBXGroup;
			children = (
				03779C5A1EB426B400D2CF9C /* VirtualTourist */,
				03779C6F1EB426B600D2CF9C /* VirtualTouristTests */,
				03779C7A1EB426B600D2CF9C /* VirtualTouristUITests */,
				03779C591EB426B400D2CF9C /* Products */,
			);
			sourceTree = "<group>";
		};
		03779C591EB426B400D2CF9C /* Products */ = {
			isa = PBXGroup;
			children = (
				03779C581EB426B400D2CF9C /* VirtualTourist.app */,
				03779C6C1EB426B600D2CF9C /* VirtualTouristTests.xctest */,
				03779C771EB426B600D2CF9C /* VirtualTouristUITests.xctest */,
			);
			name = Products;
			sourceTree = "<group>";
		};
		03779C5A1EB426B400D2CF9C /* VirtualTourist */ = {
			isa = PBXGroup;
			children = (
				03779C5B1EB426B500D2CF9C /* AppDelegate.swift */,
				03779C5D1EB426B500D2CF9C /* ViewController.swift */,
				03779C5F1EB426B500D2CF9C /* Main.storyboard */,
				03779C621EB426B600D2CF9C /* Assets.xcassets */,
				03779C641EB426B600D2CF9C /* LaunchScreen.storyboard */,
				03779C671EB426B600D2CF9C /* Info.plist */,
			);
			path = VirtualTourist;
			sourceTree = "<group>";
		};
		03779C6F1EB426B600D2CF9C /* VirtualTouristTests */ = {
			isa = PBXGroup;
			children = (
				03779C701EB426B600D2CF9C /* VirtualTouristTests.swift */,
				03779C721EB426B600D2CF9C /* Info.plist */,
			);
			path = VirtualTouristTests;
			sourceTree = "<group>";
		};
		03779C7A1EB426B600D2CF9C /* VirtualTouristUITests */ = {
			isa = PBXGroup;
			children = (
				03779C7B1EB426B600D2CF9C /* VirtualTouristUITests.swift */,
				03779C7D1EB426B600D2CF9C /* Info.plist */,
			);
			path = VirtualTouristUITests;
			sourceTree = "<group>";
		};
/* End PBXGroup section */

/* Begin PBXNativeTarget section */
		03779C571EB426B400D2CF9C /* VirtualTourist */ = {
			isa = PBXNativeTarget;
			buildConfigurationList = 03779C801EB426B600D2CF9C /* Build configuration list for PBXNativeTarget "VirtualTourist" */;
			buildPhases = (
				03779C541EB426B400D2CF9C /* Sources */,
				03779C551EB426B400D2CF9C /* Frameworks */,
				03779C561EB426B400D2CF9C /* Resources */,
			);
			buildRules = (
			);
			dependencies = (
			);
			name = VirtualTourist;
			productName = VirtualTourist;
			productReference = 03779C581EB426B400D2CF9C /* VirtualTourist.app */;
			productType = "com.apple.product-type.application";
		};
		03779C6B1EB426B600D2CF9C /* VirtualTouristTests */ = {
			isa = PBXNativeTarget;
			buildConfigurationList = 03779C831EB426B600D2CF9C /* Build configuration list for PBXNativeTarget "VirtualTouristTests" */;
			buildPhases = (
				03779C681EB426B600D2CF9C /* Sources */,
				03779C691EB426B600D2CF9C /* Frameworks */,
				03779C6A1EB426B600D2CF9C /* Resources */,
			);
			buildRules = (
			);
			dependencies = (
				03779C6E1EB426B600D2CF9C /* PBXTargetDependency */,
			);
			name = VirtualTouristTests;
			productName = VirtualTouristTests;
			productReference = 03779C6C1EB426B600D2CF9C /* VirtualTouristTests.xctest */;
			productType = "com.apple.product-type.bundle.unit-test";
		};
		03779C761EB426B600D2CF9C /* VirtualTouristUITests */ = {
			isa = PBXNativeTarget;
			buildConfigurationList = 03779C861EB426B600D2CF9C /* Build configuration list for PBXNativeTarget "VirtualTouristUITests" */;
			buildPhases = (
				03779C731EB426B600D2CF9C /* Sources */,
				03779C741EB426B600D2CF9C /* Frameworks */,
				03779C751EB426B600D2CF9C /* Resources */,
			);
			buildRules = (
			);
			dependencies = (
				03779C791EB426B600D2CF9C /* PBXTargetDependency */,
			);
			name = VirtualTouristUITests;
			productName = VirtualTouristUITests;
			productReference = 03779C771EB426B600D2CF9C /* VirtualTouristUITests.xctest */;
			productType = "com.apple.product-type.bundle.ui-testing";
		};
/* End PBXNativeTarget section */

/* Begin PBXProject section */
		03779C501EB426B300D2CF9C /* Project object */ = {
			isa = PBXProject;
			attributes = {
				LastSwiftUpdateCheck = 0830;
				LastUpgradeCheck = 0830;
				ORGANIZATIONNAME = "Marc Boanas";
				TargetAttributes = {
					03779C571EB426B400D2CF9C = {
						CreatedOnToolsVersion = 8.3;
						DevelopmentTeam = KC3W5NG592;
						ProvisioningStyle = Automatic;
					};
					03779C6B1EB426B600D2CF9C = {
						CreatedOnToolsVersion = 8.3;
						DevelopmentTeam = KC3W5NG592;
						ProvisioningStyle = Automatic;
						TestTargetID = 03779C571EB426B400D2CF9C;
					};
					03779C761EB426B600D2CF9C = {
						CreatedOnToolsVersion = 8.3;
						DevelopmentTeam = KC3W5NG592;
						ProvisioningStyle = Automatic;
						TestTargetID = 03779C571EB426B400D2CF9C;
					};
				};
			};
			buildConfigurationList = 03779C531EB426B300D2CF9C /* Build configuration list for PBXProject "VirtualTourist" */;
			compatibilityVersion = "Xcode 3.2";
			developmentRegion = English;
			hasScannedForEncodings = 0;
			knownRegions = (
				en,
				Base,
			);
			mainGroup = 03779C4F1EB426B300D2CF9C;
			productRefGroup = 03779C591EB426B400D2CF9C /* Products */;
			projectDirPath = "";
			projectRoot = "";
			targets = (
				03779C571EB426B400D2CF9C /* VirtualTourist */,
				03779C6B1EB426B600D2CF9C /* VirtualTouristTests */,
				03779C761EB426B600D2CF9C /* VirtualTouristUITests */,
			);
		};
/* End PBXProject section */

/* Begin PBXResourcesBuildPhase section */
		03779C561EB426B400D2CF9C /* Resources */ = {
			isa = PBXResourcesBuildPhase;
			buildActionMask = 2147483647;
			files = (
				03779C661EB426B600D2CF9C /* LaunchScreen.storyboard in Resources */,
				03779C631EB426B600D2CF9C /* Assets.xcassets in Resources */,
				03779C611EB426B500D2CF9C /* Main.storyboard in Resources */,
			);
			runOnlyForDeploymentPostprocessing = 0;
		};
		03779C6A1EB426B600D2CF9C /* Resources */ = {
			isa = PBXResourcesBuildPhase;
			buildActionMask = 2147483647;
			files = (
			);
			runOnlyForDeploymentPostprocessing = 0;
		};
		03779C751EB426B600D2CF9C /* Resources */ = {
			isa = PBXResourcesBuildPhase;
			buildActionMask = 2147483647;
			files = (
			);
			runOnlyForDeploymentPostprocessing = 0;
		};
/* End PBXResourcesBuildPhase section */

/* Begin PBXSourcesBuildPhase section */
		03779C541EB426B400D2CF9C /* Sources */ = {
			isa = PBXSourcesBuildPhase;
			buildActionMask = 2147483647;
			files = (
				03779C5E1EB426B500D2CF9C /* ViewController.swift in Sources */,
				03779C5C1EB426B500D2CF9C /* AppDelegate.swift in Sources */,
			);
			runOnlyForDeploymentPostprocessing = 0;
		};
		03779C681EB426B600D2CF9C /* Sources */ = {
			isa = PBXSourcesBuildPhase;
			buildActionMask = 2147483647;
			files = (
				03779C711EB426B600D2CF9C /* VirtualTouristTests.swift in Sources */,
			);
			runOnlyForDeploymentPostprocessing = 0;
		};
		03779C731EB426B600D2CF9C /* Sources */ = {
			isa = PBXSourcesBuildPhase;
			buildActionMask = 2147483647;
			files = (
				03779C7C1EB426B600D2CF9C /* VirtualTouristUITests.swift in Sources */,
			);
			runOnlyForDeploymentPostprocessing = 0;
		};
/* End PBXSourcesBuildPhase section */

/* Begin PBXTargetDependency section */
		03779C6E1EB426B600D2CF9C /* PBXTargetDependency */ = {
			isa = PBXTargetDependency;
			target = 03779C571EB426B400D2CF9C /* VirtualTourist */;
			targetProxy = 03779C6D1EB426B600D2CF9C /* PBXContainerItemProxy */;
		};
		03779C791EB426B600D2CF9C /* PBXTargetDependency */ = {
			isa = PBXTargetDependency;
			target = 03779C571EB426B400D2CF9C /* VirtualTourist */;
			targetProxy = 03779C781EB426B600D2CF9C /* PBXContainerItemProxy */;
		};
/* End PBXTargetDependency section */

/* Begin PBXVariantGroup section */
		03779C5F1EB426B500D2CF9C /* Main.storyboard */ = {
			isa = PBXVariantGroup;
			children = (
				03779C601EB426B500D2CF9C /* Base */,
			);
			name = Main.storyboard;
			sourceTree = "<group>";
		};
		03779C641EB426B600D2CF9C /* LaunchScreen.storyboard */ = {
			isa = PBXVariantGroup;
			children = (
				03779C651EB426B600D2CF9C /* Base */,
			);
			name = LaunchScreen.storyboard;
			sourceTree = "<group>";
		};
/* End PBXVariantGroup section */

/* Begin XCBuildConfiguration section */
		03779C7E1EB426B600D2CF9C /* Debug */ = {
			isa = XCBuildConfiguration;
			buildSettings = {
				ALWAYS_SEARCH_USER_PATHS = NO;
				CLANG_ANALYZER_NONNULL = YES;
				CLANG_ANALYZER_NUMBER_OBJECT_CONVERSION = YES_AGGRESSIVE;
				CLANG_CXX_LANGUAGE_STANDARD = "gnu++0x";
				CLANG_CXX_LIBRARY = "libc++";
				CLANG_ENABLE_MODULES = YES;
				CLANG_ENABLE_OBJC_ARC = YES;
				CLANG_WARN_BOOL_CONVERSION = YES;
				CLANG_WARN_CONSTANT_CONVERSION = YES;
				CLANG_WARN_DIRECT_OBJC_ISA_USAGE = YES_ERROR;
				CLANG_WARN_DOCUMENTATION_COMMENTS = YES;
				CLANG_WARN_EMPTY_BODY = YES;
				CLANG_WARN_ENUM_CONVERSION = YES;
				CLANG_WARN_INFINITE_RECURSION = YES;
				CLANG_WARN_INT_CONVERSION = YES;
				CLANG_WARN_OBJC_ROOT_CLASS = YES_ERROR;
				CLANG_WARN_SUSPICIOUS_MOVE = YES;
				CLANG_WARN_UNREACHABLE_CODE = YES;
				CLANG_WARN__DUPLICATE_METHOD_MATCH = YES;
				"CODE_SIGN_IDENTITY[sdk=iphoneos*]" = "iPhone Developer";
				COPY_PHASE_STRIP = NO;
				DEBUG_INFORMATION_FORMAT = dwarf;
				ENABLE_STRICT_OBJC_MSGSEND = YES;
				ENABLE_TESTABILITY = YES;
				GCC_C_LANGUAGE_STANDARD = gnu99;
				GCC_DYNAMIC_NO_PIC = NO;
				GCC_NO_COMMON_BLOCKS = YES;
				GCC_OPTIMIZATION_LEVEL = 0;
				GCC_PREPROCESSOR_DEFINITIONS = (
					"DEBUG=1",
					"$(inherited)",
				);
				GCC_WARN_64_TO_32_BIT_CONVERSION = YES;
				GCC_WARN_ABOUT_RETURN_TYPE = YES_ERROR;
				GCC_WARN_UNDECLARED_SELECTOR = YES;
				GCC_WARN_UNINITIALIZED_AUTOS = YES_AGGRESSIVE;
				GCC_WARN_UNUSED_FUNCTION = YES;
				GCC_WARN_UNUSED_VARIABLE = YES;
				IPHONEOS_DEPLOYMENT_TARGET = 10.3;
				MTL_ENABLE_DEBUG_INFO = YES;
				ONLY_ACTIVE_ARCH = YES;
				SDKROOT = iphoneos;
				SWIFT_ACTIVE_COMPILATION_CONDITIONS = DEBUG;
				SWIFT_OPTIMIZATION_LEVEL = "-Onone";
				TARGETED_DEVICE_FAMILY = "1,2";
			};
			name = Debug;
		};
		03779C7F1EB426B600D2CF9C /* Release */ = {
			isa = XCBuildConfiguration;
			buildSettings = {
				ALWAYS_SEARCH_USER_PATHS = NO;
				CLANG_ANALYZER_NONNULL = YES;
				CLANG_ANALYZER_NUMBER_OBJECT_CONVERSION = YES_AGGRESSIVE;
				CLANG_CXX_LANGUAGE_STANDARD = "gnu++0x";
				CLANG_CXX_LIBRARY = "libc++";
				CLANG_ENABLE_MODULES = YES;
				CLANG_ENABLE_OBJC_ARC = YES;
				CLANG_WARN_BOOL_CONVERSION = YES;
				CLANG_WARN_CONSTANT_CONVERSION = YES;
				CLANG_WARN_DIRECT_OBJC_ISA_USAGE = YES_ERROR;
				CLANG_WARN_DOCUMENTATION_COMMENTS = YES;
				CLANG_WARN_EMPTY_BODY = YES;
				CLANG_WARN_ENUM_CONVERSION = YES;
				CLANG_WARN_INFINITE_RECURSION = YES;
				CLANG_WARN_INT_CONVERSION = YES;
				CLANG_WARN_OBJC_ROOT_CLASS = YES_ERROR;
				CLANG_WARN_SUSPICIOUS_MOVE = YES;
				CLANG_WARN_UNREACHABLE_CODE = YES;
				CLANG_WARN__DUPLICATE_METHOD_MATCH = YES;
				"CODE_SIGN_IDENTITY[sdk=iphoneos*]" = "iPhone Developer";
				COPY_PHASE_STRIP = NO;
				DEBUG_INFORMATION_FORMAT = "dwarf-with-dsym";
				ENABLE_NS_ASSERTIONS = NO;
				ENABLE_STRICT_OBJC_MSGSEND = YES;
				GCC_C_LANGUAGE_STANDARD = gnu99;
				GCC_NO_COMMON_BLOCKS = YES;
				GCC_WARN_64_TO_32_BIT_CONVERSION = YES;
				GCC_WARN_ABOUT_RETURN_TYPE = YES_ERROR;
				GCC_WARN_UNDECLARED_SELECTOR = YES;
				GCC_WARN_UNINITIALIZED_AUTOS = YES_AGGRESSIVE;
				GCC_WARN_UNUSED_FUNCTION = YES;
				GCC_WARN_UNUSED_VARIABLE = YES;
				IPHONEOS_DEPLOYMENT_TARGET = 10.3;
				MTL_ENABLE_DEBUG_INFO = NO;
				SDKROOT = iphoneos;
				SWIFT_OPTIMIZATION_LEVEL = "-Owholemodule";
				TARGETED_DEVICE_FAMILY = "1,2";
				VALIDATE_PRODUCT = YES;
			};
			name = Release;
		};
		03779C811EB426B600D2CF9C /* Debug */ = {
			isa = XCBuildConfiguration;
			buildSettings = {
				ASSETCATALOG_COMPILER_APPICON_NAME = AppIcon;
				DEVELOPMENT_TEAM = KC3W5NG592;
				INFOPLIST_FILE = VirtualTourist/Info.plist;
				LD_RUNPATH_SEARCH_PATHS = "$(inherited) @executable_path/Frameworks";
				PRODUCT_BUNDLE_IDENTIFIER = BoanasMarc.VirtualTourist;
				PRODUCT_NAME = "$(TARGET_NAME)";
				SWIFT_VERSION = 3.0;
			};
			name = Debug;
		};
		03779C821EB426B600D2CF9C /* Release */ = {
			isa = XCBuildConfiguration;
			buildSettings = {
				ASSETCATALOG_COMPILER_APPICON_NAME = AppIcon;
				DEVELOPMENT_TEAM = KC3W5NG592;
				INFOPLIST_FILE = VirtualTourist/Info.plist;
				LD_RUNPATH_SEARCH_PATHS = "$(inherited) @executable_path/Frameworks";
				PRODUCT_BUNDLE_IDENTIFIER = BoanasMarc.VirtualTourist;
				PRODUCT_NAME = "$(TARGET_NAME)";
				SWIFT_VERSION = 3.0;
			};
			name = Release;
		};
		03779C841EB426B600D2CF9C /* Debug */ = {
			isa = XCBuildConfiguration;
			buildSettings = {
				ALWAYS_EMBED_SWIFT_STANDARD_LIBRARIES = YES;
				BUNDLE_LOADER = "$(TEST_HOST)";
				DEVELOPMENT_TEAM = KC3W5NG592;
				INFOPLIST_FILE = VirtualTouristTests/Info.plist;
				LD_RUNPATH_SEARCH_PATHS = "$(inherited) @executable_path/Frameworks @loader_path/Frameworks";
				PRODUCT_BUNDLE_IDENTIFIER = BoanasMarc.VirtualTouristTests;
				PRODUCT_NAME = "$(TARGET_NAME)";
				SWIFT_VERSION = 3.0;
				TEST_HOST = "$(BUILT_PRODUCTS_DIR)/VirtualTourist.app/VirtualTourist";
			};
			name = Debug;
		};
		03779C851EB426B600D2CF9C /* Release */ = {
			isa = XCBuildConfiguration;
			buildSettings = {
				ALWAYS_EMBED_SWIFT_STANDARD_LIBRARIES = YES;
				BUNDLE_LOADER = "$(TEST_HOST)";
				DEVELOPMENT_TEAM = KC3W5NG592;
				INFOPLIST_FILE = VirtualTouristTests/Info.plist;
				LD_RUNPATH_SEARCH_PATHS = "$(inherited) @executable_path/Frameworks @loader_path/Frameworks";
				PRODUCT_BUNDLE_IDENTIFIER = BoanasMarc.VirtualTouristTests;
				PRODUCT_NAME = "$(TARGET_NAME)";
				SWIFT_VERSION = 3.0;
				TEST_HOST = "$(BUILT_PRODUCTS_DIR)/VirtualTourist.app/VirtualTourist";
			};
			name = Release;
		};
		03779C871EB426B600D2CF9C /* Debug */ = {
			isa = XCBuildConfiguration;
			buildSettings = {
				ALWAYS_EMBED_SWIFT_STANDARD_LIBRARIES = YES;
				DEVELOPMENT_TEAM = KC3W5NG592;
				INFOPLIST_FILE = VirtualTouristUITests/Info.plist;
				LD_RUNPATH_SEARCH_PATHS = "$(inherited) @executable_path/Frameworks @loader_path/Frameworks";
				PRODUCT_BUNDLE_IDENTIFIER = BoanasMarc.VirtualTouristUITests;
				PRODUCT_NAME = "$(TARGET_NAME)";
				SWIFT_VERSION = 3.0;
				TEST_TARGET_NAME = VirtualTourist;
			};
			name = Debug;
		};
		03779C881EB426B600D2CF9C /* Release */ = {
			isa = XCBuildConfiguration;
			buildSettings = {
				ALWAYS_EMBED_SWIFT_STANDARD_LIBRARIES = YES;
				DEVELOPMENT_TEAM = KC3W5NG592;
				INFOPLIST_FILE = VirtualTouristUITests/Info.plist;
				LD_RUNPATH_SEARCH_PATHS = "$(inherited) @executable_path/Frameworks @loader_path/Frameworks";
				PRODUCT_BUNDLE_IDENTIFIER = BoanasMarc.VirtualTouristUITests;
				PRODUCT_NAME = "$(TARGET_NAME)";
				SWIFT_VERSION = 3.0;
				TEST_TARGET_NAME = VirtualTourist;
			};
			name = Release;
		};
/* End XCBuildConfiguration section */

/* Begin XCConfigurationList section */
		03779C531EB426B300D2CF9C /* Build configuration list for PBXProject "VirtualTourist" */ = {
			isa = XCConfigurationList;
			buildConfigurations = (
				03779C7E1EB426B600D2CF9C /* Debug */,
				03779C7F1EB426B600D2CF9C /* Release */,
			);
			defaultConfigurationIsVisible = 0;
			defaultConfigurationName = Release;
		};
		03779C801EB426B600D2CF9C /* Build configuration list for PBXNativeTarget "VirtualTourist" */ = {
			isa = XCConfigurationList;
			buildConfigurations = (
				03779C811EB426B600D2CF9C /* Debug */,
				03779C821EB426B600D2CF9C /* Release */,
			);
			defaultConfigurationIsVisible = 0;
		};
		03779C831EB426B600D2CF9C /* Build configuration list for PBXNativeTarget "VirtualTouristTests" */ = {
			isa = XCConfigurationList;
			buildConfigurations = (
				03779C841EB426B600D2CF9C /* Debug */,
				03779C851EB426B600D2CF9C /* Release */,
			);
			defaultConfigurationIsVisible = 0;
		};
		03779C861EB426B600D2CF9C /* Build configuration list for PBXNativeTarget "VirtualTouristUITests" */ = {
			isa = XCConfigurationList;
			buildConfigurations = (
				03779C871EB426B600D2CF9C /* Debug */,
				03779C881EB426B600D2CF9C /* Release */,
			);
			defaultConfigurationIsVisible = 0;
		};
/* End XCConfigurationList section */
	};
	rootObject = 03779C501EB426B300D2CF9C /* Project object */;
}
