// !$*UTF8*$!
{
	archiveVersion = 1;
	classes = {
	};
	objectVersion = 46;
	objects = {

/* Begin PBXBuildFile section */
		032ADD4A1EB5F3AF007FFB43 /* CoreDataManager.swift in Sources */ = {isa = PBXBuildFile; fileRef = 032ADD491EB5F3AF007FFB43 /* CoreDataManager.swift */; };
		032ADD4C1EB62807007FFB43 /* CustomPhotoAlbumFooter.swift in Sources */ = {isa = PBXBuildFile; fileRef = 032ADD4B1EB62807007FFB43 /* CustomPhotoAlbumFooter.swift */; };
		032ADD4E1EB68E0E007FFB43 /* Reachability.swift in Sources */ = {isa = PBXBuildFile; fileRef = 032ADD4D1EB68E0E007FFB43 /* Reachability.swift */; };
		032ADD501EB68EEB007FFB43 /* Helper.swift in Sources */ = {isa = PBXBuildFile; fileRef = 032ADD4F1EB68EEB007FFB43 /* Helper.swift */; };
		03779C5C1EB426B500D2CF9C /* AppDelegate.swift in Sources */ = {isa = PBXBuildFile; fileRef = 03779C5B1EB426B500D2CF9C /* AppDelegate.swift */; };
		03779C611EB426B500D2CF9C /* Main.storyboard in Resources */ = {isa = PBXBuildFile; fileRef = 03779C5F1EB426B500D2CF9C /* Main.storyboard */; };
		03779C631EB426B600D2CF9C /* Assets.xcassets in Resources */ = {isa = PBXBuildFile; fileRef = 03779C621EB426B600D2CF9C /* Assets.xcassets */; };
		03779C661EB426B600D2CF9C /* LaunchScreen.storyboard in Resources */ = {isa = PBXBuildFile; fileRef = 03779C641EB426B600D2CF9C /* LaunchScreen.storyboard */; };
		03779C711EB426B600D2CF9C /* VirtualTouristTests.swift in Sources */ = {isa = PBXBuildFile; fileRef = 03779C701EB426B600D2CF9C /* VirtualTouristTests.swift */; };
		03779C7C1EB426B600D2CF9C /* VirtualTouristUITests.swift in Sources */ = {isa = PBXBuildFile; fileRef = 03779C7B1EB426B600D2CF9C /* VirtualTouristUITests.swift */; };
		03779C901EB42DA300D2CF9C /* CustomPhotoCell.swift in Sources */ = {isa = PBXBuildFile; fileRef = 03779C8F1EB42DA300D2CF9C /* CustomPhotoCell.swift */; };
		03779C931EB42EC300D2CF9C /* MapViewController.swift in Sources */ = {isa = PBXBuildFile; fileRef = 03779C921EB42EC300D2CF9C /* MapViewController.swift */; };
		03779C951EB42F6700D2CF9C /* PhotoAlbumViewController.swift in Sources */ = {isa = PBXBuildFile; fileRef = 03779C941EB42F6700D2CF9C /* PhotoAlbumViewController.swift */; };
		03779C971EB42FB800D2CF9C /* CoreDataCollectionViewController.swift in Sources */ = {isa = PBXBuildFile; fileRef = 03779C961EB42FB800D2CF9C /* CoreDataCollectionViewController.swift */; };
		03779C991EB4325900D2CF9C /* CustomPhotoAlbumHeader.swift in Sources */ = {isa = PBXBuildFile; fileRef = 03779C981EB4325900D2CF9C /* CustomPhotoAlbumHeader.swift */; };
		03779C9B1EB4338900D2CF9C /* CoreDataStack.swift in Sources */ = {isa = PBXBuildFile; fileRef = 03779C9A1EB4338900D2CF9C /* CoreDataStack.swift */; };
		03779C9E1EB4376700D2CF9C /* Model.xcdatamodeld in Sources */ = {isa = PBXBuildFile; fileRef = 03779C9C1EB4376700D2CF9C /* Model.xcdatamodeld */; };
		03779CA31EB439E300D2CF9C /* Photo+CoreDataClass.swift in Sources */ = {isa = PBXBuildFile; fileRef = 03779C9F1EB439E300D2CF9C /* Photo+CoreDataClass.swift */; };
		03779CA41EB439E300D2CF9C /* Photo+CoreDataProperties.swift in Sources */ = {isa = PBXBuildFile; fileRef = 03779CA01EB439E300D2CF9C /* Photo+CoreDataProperties.swift */; };
		03779CA51EB439E300D2CF9C /* Pin+CoreDataClass.swift in Sources */ = {isa = PBXBuildFile; fileRef = 03779CA11EB439E300D2CF9C /* Pin+CoreDataClass.swift */; };
		03779CA61EB439E300D2CF9C /* Pin+CoreDataProperties.swift in Sources */ = {isa = PBXBuildFile; fileRef = 03779CA21EB439E300D2CF9C /* Pin+CoreDataProperties.swift */; };
		03779CAA1EB4477400D2CF9C /* FlickrConstants.swift in Sources */ = {isa = PBXBuildFile; fileRef = 03779CA91EB4477300D2CF9C /* FlickrConstants.swift */; };
		03779CAC1EB4483D00D2CF9C /* FlickrClient.swift in Sources */ = {isa = PBXBuildFile; fileRef = 03779CAB1EB4483D00D2CF9C /* FlickrClient.swift */; };
		03779CAE1EB4489F00D2CF9C /* FlickrConvenience.swift in Sources */ = {isa = PBXBuildFile; fileRef = 03779CAD1EB4489F00D2CF9C /* FlickrConvenience.swift */; };
		03B7C7461EB535D00053D025 /* CustomAnnotation.swift in Sources */ = {isa = PBXBuildFile; fileRef = 03B7C7451EB535D00053D025 /* CustomAnnotation.swift */; };
/* End PBXBuildFile section */

/* Begin PBXContainerItemProxy section */
		03779C6D1EB426B600D2CF9C /* PBXContainerItemProxy */ = {
			isa = PBXContainerItemProxy;
			containerPortal = 03779C501EB426B300D2CF9C /* Project object */;
			proxyType = 1;
			remoteGlobalIDString = 03779C571EB426B400D2CF9C;
			remoteInfo = VirtualTourist;
		};
		03779C781EB426B600D2CF9C /* PBXContainerItemProxy */ = {
			isa = PBXContainerItemProxy;
			containerPortal = 03779C501EB426B300D2CF9C /* Project object */;
			proxyType = 1;
			remoteGlobalIDString = 03779C571EB426B400D2CF9C;
			remoteInfo = VirtualTourist;
		};
/* End PBXContainerItemProxy section */

/* Begin PBXFileReference section */
		032ADD491EB5F3AF007FFB43 /* CoreDataManager.swift */ = {isa = PBXFileReference; fileEncoding = 4; lastKnownFileType = sourcecode.swift; path = CoreDataManager.swift; sourceTree = "<group>"; };
		032ADD4B1EB62807007FFB43 /* CustomPhotoAlbumFooter.swift */ = {isa = PBXFileReference; fileEncoding = 4; lastKnownFileType = sourcecode.swift; path = CustomPhotoAlbumFooter.swift; sourceTree = "<group>"; };
		032ADD4D1EB68E0E007FFB43 /* Reachability.swift */ = {isa = PBXFileReference; fileEncoding = 4; lastKnownFileType = sourcecode.swift; path = Reachability.swift; sourceTree = "<group>"; };
		032ADD4F1EB68EEB007FFB43 /* Helper.swift */ = {isa = PBXFileReference; fileEncoding = 4; lastKnownFileType = sourcecode.swift; path = Helper.swift; sourceTree = "<group>"; };
		03779C581EB426B400D2CF9C /* VirtualTourist.app */ = {isa = PBXFileReference; explicitFileType = wrapper.application; includeInIndex = 0; path = VirtualTourist.app; sourceTree = BUILT_PRODUCTS_DIR; };
		03779C5B1EB426B500D2CF9C /* AppDelegate.swift */ = {isa = PBXFileReference; lastKnownFileType = sourcecode.swift; path = AppDelegate.swift; sourceTree = "<group>"; };
		03779C601EB426B500D2CF9C /* Base */ = {isa = PBXFileReference; lastKnownFileType = file.storyboard; name = Base; path = Base.lproj/Main.storyboard; sourceTree = "<group>"; };
		03779C621EB426B600D2CF9C /* Assets.xcassets */ = {isa = PBXFileReference; lastKnownFileType = folder.assetcatalog; path = Assets.xcassets; sourceTree = "<group>"; };
		03779C651EB426B600D2CF9C /* Base */ = {isa = PBXFileReference; lastKnownFileType = file.storyboard; name = Base; path = Base.lproj/LaunchScreen.storyboard; sourceTree = "<group>"; };
		03779C671EB426B600D2CF9C /* Info.plist */ = {isa = PBXFileReference; lastKnownFileType = text.plist.xml; path = Info.plist; sourceTree = "<group>"; };
		03779C6C1EB426B600D2CF9C /* VirtualTouristTests.xctest */ = {isa = PBXFileReference; explicitFileType = wrapper.cfbundle; includeInIndex = 0; path = VirtualTouristTests.xctest; sourceTree = BUILT_PRODUCTS_DIR; };
		03779C701EB426B600D2CF9C /* VirtualTouristTests.swift */ = {isa = PBXFileReference; lastKnownFileType = sourcecode.swift; path = VirtualTouristTests.swift; sourceTree = "<group>"; };
		03779C721EB426B600D2CF9C /* Info.plist */ = {isa = PBXFileReference; lastKnownFileType = text.plist.xml; path = Info.plist; sourceTree = "<group>"; };
		03779C771EB426B600D2CF9C /* VirtualTouristUITests.xctest */ = {isa = PBXFileReference; explicitFileType = wrapper.cfbundle; includeInIndex = 0; path = VirtualTouristUITests.xctest; sourceTree = BUILT_PRODUCTS_DIR; };
		03779C7B1EB426B600D2CF9C /* VirtualTouristUITests.swift */ = {isa = PBXFileReference; lastKnownFileType = sourcecode.swift; path = VirtualTouristUITests.swift; sourceTree = "<group>"; };
		03779C7D1EB426B600D2CF9C /* Info.plist */ = {isa = PBXFileReference; lastKnownFileType = text.plist.xml; path = Info.plist; sourceTree = "<group>"; };
		03779C8F1EB42DA300D2CF9C /* CustomPhotoCell.swift */ = {isa = PBXFileReference; fileEncoding = 4; lastKnownFileType = sourcecode.swift; path = CustomPhotoCell.swift; sourceTree = "<group>"; };
		03779C921EB42EC300D2CF9C /* MapViewController.swift */ = {isa = PBXFileReference; fileEncoding = 4; lastKnownFileType = sourcecode.swift; path = MapViewController.swift; sourceTree = "<group>"; };
		03779C941EB42F6700D2CF9C /* PhotoAlbumViewController.swift */ = {isa = PBXFileReference; fileEncoding = 4; lastKnownFileType = sourcecode.swift; path = PhotoAlbumViewController.swift; sourceTree = "<group>"; };
		03779C961EB42FB800D2CF9C /* CoreDataCollectionViewController.swift */ = {isa = PBXFileReference; fileEncoding = 4; lastKnownFileType = sourcecode.swift; path = CoreDataCollectionViewController.swift; sourceTree = "<group>"; };
		03779C981EB4325900D2CF9C /* CustomPhotoAlbumHeader.swift */ = {isa = PBXFileReference; fileEncoding = 4; lastKnownFileType = sourcecode.swift; path = CustomPhotoAlbumHeader.swift; sourceTree = "<group>"; };
		03779C9A1EB4338900D2CF9C /* CoreDataStack.swift */ = {isa = PBXFileReference; fileEncoding = 4; lastKnownFileType = sourcecode.swift; path = CoreDataStack.swift; sourceTree = "<group>"; };
		03779C9D1EB4376700D2CF9C /* Model.xcdatamodel */ = {isa = PBXFileReference; lastKnownFileType = wrapper.xcdatamodel; path = Model.xcdatamodel; sourceTree = "<group>"; };
		03779C9F1EB439E300D2CF9C /* Photo+CoreDataClass.swift */ = {isa = PBXFileReference; fileEncoding = 4; lastKnownFileType = sourcecode.swift; name = "Photo+CoreDataClass.swift"; path = "../Photo+CoreDataClass.swift"; sourceTree = "<group>"; };
		03779CA01EB439E300D2CF9C /* Photo+CoreDataProperties.swift */ = {isa = PBXFileReference; fileEncoding = 4; lastKnownFileType = sourcecode.swift; name = "Photo+CoreDataProperties.swift"; path = "../Photo+CoreDataProperties.swift"; sourceTree = "<group>"; };
		03779CA11EB439E300D2CF9C /* Pin+CoreDataClass.swift */ = {isa = PBXFileReference; fileEncoding = 4; lastKnownFileType = sourcecode.swift; name = "Pin+CoreDataClass.swift"; path = "../Pin+CoreDataClass.swift"; sourceTree = "<group>"; };
		03779CA21EB439E300D2CF9C /* Pin+CoreDataProperties.swift */ = {isa = PBXFileReference; fileEncoding = 4; lastKnownFileType = sourcecode.swift; name = "Pin+CoreDataProperties.swift"; path = "../Pin+CoreDataProperties.swift"; sourceTree = "<group>"; };
		03779CA91EB4477300D2CF9C /* FlickrConstants.swift */ = {isa = PBXFileReference; fileEncoding = 4; lastKnownFileType = sourcecode.swift; path = FlickrConstants.swift; sourceTree = "<group>"; };
		03779CAB1EB4483D00D2CF9C /* FlickrClient.swift */ = {isa = PBXFileReference; fileEncoding = 4; lastKnownFileType = sourcecode.swift; path = FlickrClient.swift; sourceTree = "<group>"; };
		03779CAD1EB4489F00D2CF9C /* FlickrConvenience.swift */ = {isa = PBXFileReference; fileEncoding = 4; lastKnownFileType = sourcecode.swift; path = FlickrConvenience.swift; sourceTree = "<group>"; };
		03B7C7451EB535D00053D025 /* CustomAnnotation.swift */ = {isa = PBXFileReference; fileEncoding = 4; lastKnownFileType = sourcecode.swift; path = CustomAnnotation.swift; sourceTree = "<group>"; };
/* End PBXFileReference section */

/* Begin PBXFrameworksBuildPhase section */
		03779C551EB426B400D2CF9C /* Frameworks */ = {
			isa = PBXFrameworksBuildPhase;
			buildActionMask = 2147483647;
			files = (
			);
			runOnlyForDeploymentPostprocessing = 0;
		};
		03779C691EB426B600D2CF9C /* Frameworks */ = {
			isa = PBXFrameworksBuildPhase;
			buildActionMask = 2147483647;
			files = (
			);
			runOnlyForDeploymentPostprocessing = 0;
		};
		03779C741EB426B600D2CF9C /* Frameworks */ = {
			isa = PBXFrameworksBuildPhase;
			buildActionMask = 2147483647;
			files = (
			);
			runOnlyForDeploymentPostprocessing = 0;
		};
/* End PBXFrameworksBuildPhase section */

/* Begin PBXGroup section */
		03779C4F1EB426B300D2CF9C = {
			isa = PBXGroup;
			children = (
				03779C5A1EB426B400D2CF9C /* VirtualTourist */,
				03779C6F1EB426B600D2CF9C /* VirtualTouristTests */,
				03779C7A1EB426B600D2CF9C /* VirtualTouristUITests */,
				03779C591EB426B400D2CF9C /* Products */,
			);
			sourceTree = "<group>";
		};
		03779C591EB426B400D2CF9C /* Products */ = {
			isa = PBXGroup;
			children = (
				03779C581EB426B400D2CF9C /* VirtualTourist.app */,
				03779C6C1EB426B600D2CF9C /* VirtualTouristTests.xctest */,
				03779C771EB426B600D2CF9C /* VirtualTouristUITests.xctest */,
			);
			name = Products;
			sourceTree = "<group>";
		};
		03779C5A1EB426B400D2CF9C /* VirtualTourist */ = {
			isa = PBXGroup;
			children = (
				03779C911EB42E8600D2CF9C /* Helpers */,
				03779C8B1EB4281400D2CF9C /* View Controllers */,
				03779C8A1EB4280D00D2CF9C /* Views */,
				03779C891EB427FB00D2CF9C /* Models */,
				03779C8C1EB4282700D2CF9C /* Support */,
				03779C5F1EB426B500D2CF9C /* Main.storyboard */,
			);
			path = VirtualTourist;
			sourceTree = "<group>";
		};
		03779C6F1EB426B600D2CF9C /* VirtualTouristTests */ = {
			isa = PBXGroup;
			children = (
				03779C701EB426B600D2CF9C /* VirtualTouristTests.swift */,
				03779C721EB426B600D2CF9C /* Info.plist */,
			);
			path = VirtualTouristTests;
			sourceTree = "<group>";
		};
		03779C7A1EB426B600D2CF9C /* VirtualTouristUITests */ = {
			isa = PBXGroup;
			children = (
				03779C7B1EB426B600D2CF9C /* VirtualTouristUITests.swift */,
				03779C7D1EB426B600D2CF9C /* Info.plist */,
			);
			path = VirtualTouristUITests;
			sourceTree = "<group>";
		};
		03779C891EB427FB00D2CF9C /* Models */ = {
			isa = PBXGroup;
			children = (
				03779CA81EB446EB00D2CF9C /* Flickr API */,
				03779CA71EB446CF00D2CF9C /* CoreData */,
			);
			name = Models;
			sourceTree = "<group>";
		};
		03779C8A1EB4280D00D2CF9C /* Views */ = {
			isa = PBXGroup;
			children = (
				03B7C7451EB535D00053D025 /* CustomAnnotation.swift */,
				03779C8F1EB42DA300D2CF9C /* CustomPhotoCell.swift */,
				03779C981EB4325900D2CF9C /* CustomPhotoAlbumHeader.swift */,
				032ADD4B1EB62807007FFB43 /* CustomPhotoAlbumFooter.swift */,
			);
			name = Views;
			sourceTree = "<group>";
		};
		03779C8B1EB4281400D2CF9C /* View Controllers */ = {
			isa = PBXGroup;
			children = (
				03779C961EB42FB800D2CF9C /* CoreDataCollectionViewController.swift */,
				03779C921EB42EC300D2CF9C /* MapViewController.swift */,
				03779C941EB42F6700D2CF9C /* PhotoAlbumViewController.swift */,
			);
			name = "View Controllers";
			sourceTree = "<group>";
		};
		03779C8C1EB4282700D2CF9C /* Support */ = {
			isa = PBXGroup;
			children = (
				03779C5B1EB426B500D2CF9C /* AppDelegate.swift */,
				03779C621EB426B600D2CF9C /* Assets.xcassets */,
				03779C641EB426B600D2CF9C /* LaunchScreen.storyboard */,
				03779C671EB426B600D2CF9C /* Info.plist */,
			);
			name = Support;
			sourceTree = "<group>";
		};
		03779C911EB42E8600D2CF9C /* Helpers */ = {
			isa = PBXGroup;
			children = (
				032ADD4D1EB68E0E007FFB43 /* Reachability.swift */,
				032ADD4F1EB68EEB007FFB43 /* Helper.swift */,
			);
			name = Helpers;
			sourceTree = "<group>";
		};
		03779CA71EB446CF00D2CF9C /* CoreData */ = {
			isa = PBXGroup;
			children = (
				03779C9C1EB4376700D2CF9C /* Model.xcdatamodeld */,
				03779C9A1EB4338900D2CF9C /* CoreDataStack.swift */,
				032ADD491EB5F3AF007FFB43 /* CoreDataManager.swift */,
				03779C9F1EB439E300D2CF9C /* Photo+CoreDataClass.swift */,
				03779CA01EB439E300D2CF9C /* Photo+CoreDataProperties.swift */,
				03779CA11EB439E300D2CF9C /* Pin+CoreDataClass.swift */,
				03779CA21EB439E300D2CF9C /* Pin+CoreDataProperties.swift */,
			);
			name = CoreData;
			sourceTree = "<group>";
		};
		03779CA81EB446EB00D2CF9C /* Flickr API */ = {
			isa = PBXGroup;
			children = (
				03779CA91EB4477300D2CF9C /* FlickrConstants.swift */,
				03779CAB1EB4483D00D2CF9C /* FlickrClient.swift */,
				03779CAD1EB4489F00D2CF9C /* FlickrConvenience.swift */,
			);
			name = "Flickr API";
			sourceTree = "<group>";
		};
/* End PBXGroup section */

/* Begin PBXNativeTarget section */
		03779C571EB426B400D2CF9C /* VirtualTourist */ = {
			isa = PBXNativeTarget;
			buildConfigurationList = 03779C801EB426B600D2CF9C /* Build configuration list for PBXNativeTarget "VirtualTourist" */;
			buildPhases = (
				03779C541EB426B400D2CF9C /* Sources */,
				03779C551EB426B400D2CF9C /* Frameworks */,
				03779C561EB426B400D2CF9C /* Resources */,
			);
			buildRules = (
			);
			dependencies = (
			);
			name = VirtualTourist;
			productName = VirtualTourist;
			productReference = 03779C581EB426B400D2CF9C /* VirtualTourist.app */;
			productType = "com.apple.product-type.application";
		};
		03779C6B1EB426B600D2CF9C /* VirtualTouristTests */ = {
			isa = PBXNativeTarget;
			buildConfigurationList = 03779C831EB426B600D2CF9C /* Build configuration list for PBXNativeTarget "VirtualTouristTests" */;
			buildPhases = (
				03779C681EB426B600D2CF9C /* Sources */,
				03779C691EB426B600D2CF9C /* Frameworks */,
				03779C6A1EB426B600D2CF9C /* Resources */,
			);
			buildRules = (
			);
			dependencies = (
				03779C6E1EB426B600D2CF9C /* PBXTargetDependency */,
			);
			name = VirtualTouristTests;
			productName = VirtualTouristTests;
			productReference = 03779C6C1EB426B600D2CF9C /* VirtualTouristTests.xctest */;
			productType = "com.apple.product-type.bundle.unit-test";
		};
		03779C761EB426B600D2CF9C /* VirtualTouristUITests */ = {
			isa = PBXNativeTarget;
			buildConfigurationList = 03779C861EB426B600D2CF9C /* Build configuration list for PBXNativeTarget "VirtualTouristUITests" */;
			buildPhases = (
				03779C731EB426B600D2CF9C /* Sources */,
				03779C741EB426B600D2CF9C /* Frameworks */,
				03779C751EB426B600D2CF9C /* Resources */,
			);
			buildRules = (
			);
			dependencies = (
				03779C791EB426B600D2CF9C /* PBXTargetDependency */,
			);
			name = VirtualTouristUITests;
			productName = VirtualTouristUITests;
			productReference = 03779C771EB426B600D2CF9C /* VirtualTouristUITests.xctest */;
			productType = "com.apple.product-type.bundle.ui-testing";
		};
/* End PBXNativeTarget section */

/* Begin PBXProject section */
		03779C501EB426B300D2CF9C /* Project object */ = {
			isa = PBXProject;
			attributes = {
				LastSwiftUpdateCheck = 0830;
				LastUpgradeCheck = 0830;
				ORGANIZATIONNAME = "Marc Boanas";
				TargetAttributes = {
					03779C571EB426B400D2CF9C = {
						CreatedOnToolsVersion = 8.3;
						DevelopmentTeam = KC3W5NG592;
						ProvisioningStyle = Automatic;
					};
					03779C6B1EB426B600D2CF9C = {
						CreatedOnToolsVersion = 8.3;
						DevelopmentTeam = KC3W5NG592;
						ProvisioningStyle = Automatic;
						TestTargetID = 03779C571EB426B400D2CF9C;
					};
					03779C761EB426B600D2CF9C = {
						CreatedOnToolsVersion = 8.3;
						DevelopmentTeam = KC3W5NG592;
						ProvisioningStyle = Automatic;
						TestTargetID = 03779C571EB426B400D2CF9C;
					};
				};
			};
			buildConfigurationList = 03779C531EB426B300D2CF9C /* Build configuration list for PBXProject "VirtualTourist" */;
			compatibilityVersion = "Xcode 3.2";
			developmentRegion = English;
			hasScannedForEncodings = 0;
			knownRegions = (
				en,
				Base,
			);
			mainGroup = 03779C4F1EB426B300D2CF9C;
			productRefGroup = 03779C591EB426B400D2CF9C /* Products */;
			projectDirPath = "";
			projectRoot = "";
			targets = (
				03779C571EB426B400D2CF9C /* VirtualTourist */,
				03779C6B1EB426B600D2CF9C /* VirtualTouristTests */,
				03779C761EB426B600D2CF9C /* VirtualTouristUITests */,
			);
		};
/* End PBXProject section */

/* Begin PBXResourcesBuildPhase section */
		03779C561EB426B400D2CF9C /* Resources */ = {
			isa = PBXResourcesBuildPhase;
			buildActionMask = 2147483647;
			files = (
				03779C661EB426B600D2CF9C /* LaunchScreen.storyboard in Resources */,
				03779C631EB426B600D2CF9C /* Assets.xcassets in Resources */,
				03779C611EB426B500D2CF9C /* Main.storyboard in Resources */,
			);
			runOnlyForDeploymentPostprocessing = 0;
		};
		03779C6A1EB426B600D2CF9C /* Resources */ = {
			isa = PBXResourcesBuildPhase;
			buildActionMask = 2147483647;
			files = (
			);
			runOnlyForDeploymentPostprocessing = 0;
		};
		03779C751EB426B600D2CF9C /* Resources */ = {
			isa = PBXResourcesBuildPhase;
			buildActionMask = 2147483647;
			files = (
			);
			runOnlyForDeploymentPostprocessing = 0;
		};
/* End PBXResourcesBuildPhase section */

/* Begin PBXSourcesBuildPhase section */
		03779C541EB426B400D2CF9C /* Sources */ = {
			isa = PBXSourcesBuildPhase;
			buildActionMask = 2147483647;
			files = (
				03779C9B1EB4338900D2CF9C /* CoreDataStack.swift in Sources */,
				03779CA61EB439E300D2CF9C /* Pin+CoreDataProperties.swift in Sources */,
				032ADD4E1EB68E0E007FFB43 /* Reachability.swift in Sources */,
				03779C971EB42FB800D2CF9C /* CoreDataCollectionViewController.swift in Sources */,
				03779CA51EB439E300D2CF9C /* Pin+CoreDataClass.swift in Sources */,
				032ADD4A1EB5F3AF007FFB43 /* CoreDataManager.swift in Sources */,
				03779C5C1EB426B500D2CF9C /* AppDelegate.swift in Sources */,
				032ADD501EB68EEB007FFB43 /* Helper.swift in Sources */,
				032ADD4C1EB62807007FFB43 /* CustomPhotoAlbumFooter.swift in Sources */,
				03779C9E1EB4376700D2CF9C /* Model.xcdatamodeld in Sources */,
				03779C931EB42EC300D2CF9C /* MapViewController.swift in Sources */,
				03B7C7461EB535D00053D025 /* CustomAnnotation.swift in Sources */,
				03779C901EB42DA300D2CF9C /* CustomPhotoCell.swift in Sources */,
				03779CAE1EB4489F00D2CF9C /* FlickrConvenience.swift in Sources */,
				03779CAA1EB4477400D2CF9C /* FlickrConstants.swift in Sources */,
				03779CAC1EB4483D00D2CF9C /* FlickrClient.swift in Sources */,
				03779CA31EB439E300D2CF9C /* Photo+CoreDataClass.swift in Sources */,
				03779C991EB4325900D2CF9C /* CustomPhotoAlbumHeader.swift in Sources */,
				03779CA41EB439E300D2CF9C /* Photo+CoreDataProperties.swift in Sources */,
				03779C951EB42F6700D2CF9C /* PhotoAlbumViewController.swift in Sources */,
			);
			runOnlyForDeploymentPostprocessing = 0;
		};
		03779C681EB426B600D2CF9C /* Sources */ = {
			isa = PBXSourcesBuildPhase;
			buildActionMask = 2147483647;
			files = (
				03779C711EB426B600D2CF9C /* VirtualTouristTests.swift in Sources */,
			);
			runOnlyForDeploymentPostprocessing = 0;
		};
		03779C731EB426B600D2CF9C /* Sources */ = {
			isa = PBXSourcesBuildPhase;
			buildActionMask = 2147483647;
			files = (
				03779C7C1EB426B600D2CF9C /* VirtualTouristUITests.swift in Sources */,
			);
			runOnlyForDeploymentPostprocessing = 0;
		};
/* End PBXSourcesBuildPhase section */

/* Begin PBXTargetDependency section */
		03779C6E1EB426B600D2CF9C /* PBXTargetDependency */ = {
			isa = PBXTargetDependency;
			target = 03779C571EB426B400D2CF9C /* VirtualTourist */;
			targetProxy = 03779C6D1EB426B600D2CF9C /* PBXContainerItemProxy */;
		};
		03779C791EB426B600D2CF9C /* PBXTargetDependency */ = {
			isa = PBXTargetDependency;
			target = 03779C571EB426B400D2CF9C /* VirtualTourist */;
			targetProxy = 03779C781EB426B600D2CF9C /* PBXContainerItemProxy */;
		};
/* End PBXTargetDependency section */

/* Begin PBXVariantGroup section */
		03779C5F1EB426B500D2CF9C /* Main.storyboard */ = {
			isa = PBXVariantGroup;
			children = (
				03779C601EB426B500D2CF9C /* Base */,
			);
			name = Main.storyboard;
			sourceTree = "<group>";
		};
		03779C641EB426B600D2CF9C /* LaunchScreen.storyboard */ = {
			isa = PBXVariantGroup;
			children = (
				03779C651EB426B600D2CF9C /* Base */,
			);
			name = LaunchScreen.storyboard;
			sourceTree = "<group>";
		};
/* End PBXVariantGroup section */

/* Begin XCBuildConfiguration section */
		03779C7E1EB426B600D2CF9C /* Debug */ = {
			isa = XCBuildConfiguration;
			buildSettings = {
				ALWAYS_SEARCH_USER_PATHS = NO;
				CLANG_ANALYZER_NONNULL = YES;
				CLANG_ANALYZER_NUMBER_OBJECT_CONVERSION = YES_AGGRESSIVE;
				CLANG_CXX_LANGUAGE_STANDARD = "gnu++0x";
				CLANG_CXX_LIBRARY = "libc++";
				CLANG_ENABLE_MODULES = YES;
				CLANG_ENABLE_OBJC_ARC = YES;
				CLANG_WARN_BOOL_CONVERSION = YES;
				CLANG_WARN_CONSTANT_CONVERSION = YES;
				CLANG_WARN_DIRECT_OBJC_ISA_USAGE = YES_ERROR;
				CLANG_WARN_DOCUMENTATION_COMMENTS = YES;
				CLANG_WARN_EMPTY_BODY = YES;
				CLANG_WARN_ENUM_CONVERSION = YES;
				CLANG_WARN_INFINITE_RECURSION = YES;
				CLANG_WARN_INT_CONVERSION = YES;
				CLANG_WARN_OBJC_ROOT_CLASS = YES_ERROR;
				CLANG_WARN_SUSPICIOUS_MOVE = YES;
				CLANG_WARN_UNREACHABLE_CODE = YES;
				CLANG_WARN__DUPLICATE_METHOD_MATCH = YES;
				"CODE_SIGN_IDENTITY[sdk=iphoneos*]" = "iPhone Developer";
				COPY_PHASE_STRIP = NO;
				DEBUG_INFORMATION_FORMAT = dwarf;
				ENABLE_STRICT_OBJC_MSGSEND = YES;
				ENABLE_TESTABILITY = YES;
				GCC_C_LANGUAGE_STANDARD = gnu99;
				GCC_DYNAMIC_NO_PIC = NO;
				GCC_NO_COMMON_BLOCKS = YES;
				GCC_OPTIMIZATION_LEVEL = 0;
				GCC_PREPROCESSOR_DEFINITIONS = (
					"DEBUG=1",
					"$(inherited)",
				);
				GCC_WARN_64_TO_32_BIT_CONVERSION = YES;
				GCC_WARN_ABOUT_RETURN_TYPE = YES_ERROR;
				GCC_WARN_UNDECLARED_SELECTOR = YES;
				GCC_WARN_UNINITIALIZED_AUTOS = YES_AGGRESSIVE;
				GCC_WARN_UNUSED_FUNCTION = YES;
				GCC_WARN_UNUSED_VARIABLE = YES;
				IPHONEOS_DEPLOYMENT_TARGET = 10.3;
				MTL_ENABLE_DEBUG_INFO = YES;
				ONLY_ACTIVE_ARCH = YES;
				SDKROOT = iphoneos;
				SWIFT_ACTIVE_COMPILATION_CONDITIONS = DEBUG;
				SWIFT_OPTIMIZATION_LEVEL = "-Onone";
				TARGETED_DEVICE_FAMILY = "1,2";
			};
			name = Debug;
		};
		03779C7F1EB426B600D2CF9C /* Release */ = {
			isa = XCBuildConfiguration;
			buildSettings = {
				ALWAYS_SEARCH_USER_PATHS = NO;
				CLANG_ANALYZER_NONNULL = YES;
				CLANG_ANALYZER_NUMBER_OBJECT_CONVERSION = YES_AGGRESSIVE;
				CLANG_CXX_LANGUAGE_STANDARD = "gnu++0x";
				CLANG_CXX_LIBRARY = "libc++";
				CLANG_ENABLE_MODULES = YES;
				CLANG_ENABLE_OBJC_ARC = YES;
				CLANG_WARN_BOOL_CONVERSION = YES;
				CLANG_WARN_CONSTANT_CONVERSION = YES;
				CLANG_WARN_DIRECT_OBJC_ISA_USAGE = YES_ERROR;
				CLANG_WARN_DOCUMENTATION_COMMENTS = YES;
				CLANG_WARN_EMPTY_BODY = YES;
				CLANG_WARN_ENUM_CONVERSION = YES;
				CLANG_WARN_INFINITE_RECURSION = YES;
				CLANG_WARN_INT_CONVERSION = YES;
				CLANG_WARN_OBJC_ROOT_CLASS = YES_ERROR;
				CLANG_WARN_SUSPICIOUS_MOVE = YES;
				CLANG_WARN_UNREACHABLE_CODE = YES;
				CLANG_WARN__DUPLICATE_METHOD_MATCH = YES;
				"CODE_SIGN_IDENTITY[sdk=iphoneos*]" = "iPhone Developer";
				COPY_PHASE_STRIP = NO;
				DEBUG_INFORMATION_FORMAT = "dwarf-with-dsym";
				ENABLE_NS_ASSERTIONS = NO;
				ENABLE_STRICT_OBJC_MSGSEND = YES;
				GCC_C_LANGUAGE_STANDARD = gnu99;
				GCC_NO_COMMON_BLOCKS = YES;
				GCC_WARN_64_TO_32_BIT_CONVERSION = YES;
				GCC_WARN_ABOUT_RETURN_TYPE = YES_ERROR;
				GCC_WARN_UNDECLARED_SELECTOR = YES;
				GCC_WARN_UNINITIALIZED_AUTOS = YES_AGGRESSIVE;
				GCC_WARN_UNUSED_FUNCTION = YES;
				GCC_WARN_UNUSED_VARIABLE = YES;
				IPHONEOS_DEPLOYMENT_TARGET = 10.3;
				MTL_ENABLE_DEBUG_INFO = NO;
				SDKROOT = iphoneos;
				SWIFT_OPTIMIZATION_LEVEL = "-Owholemodule";
				TARGETED_DEVICE_FAMILY = "1,2";
				VALIDATE_PRODUCT = YES;
			};
			name = Release;
		};
		03779C811EB426B600D2CF9C /* Debug */ = {
			isa = XCBuildConfiguration;
			buildSettings = {
				ASSETCATALOG_COMPILER_APPICON_NAME = AppIcon;
				DEVELOPMENT_TEAM = KC3W5NG592;
				INFOPLIST_FILE = VirtualTourist/Info.plist;
				LD_RUNPATH_SEARCH_PATHS = "$(inherited) @executable_path/Frameworks";
				PRODUCT_BUNDLE_IDENTIFIER = BoanasMarc.VirtualTourist;
				PRODUCT_NAME = "$(TARGET_NAME)";
				SWIFT_VERSION = 3.0;
			};
			name = Debug;
		};
		03779C821EB426B600D2CF9C /* Release */ = {
			isa = XCBuildConfiguration;
			buildSettings = {
				ASSETCATALOG_COMPILER_APPICON_NAME = AppIcon;
				DEVELOPMENT_TEAM = KC3W5NG592;
				INFOPLIST_FILE = VirtualTourist/Info.plist;
				LD_RUNPATH_SEARCH_PATHS = "$(inherited) @executable_path/Frameworks";
				PRODUCT_BUNDLE_IDENTIFIER = BoanasMarc.VirtualTourist;
				PRODUCT_NAME = "$(TARGET_NAME)";
				SWIFT_VERSION = 3.0;
			};
			name = Release;
		};
		03779C841EB426B600D2CF9C /* Debug */ = {
			isa = XCBuildConfiguration;
			buildSettings = {
				ALWAYS_EMBED_SWIFT_STANDARD_LIBRARIES = YES;
				BUNDLE_LOADER = "$(TEST_HOST)";
				DEVELOPMENT_TEAM = KC3W5NG592;
				INFOPLIST_FILE = VirtualTouristTests/Info.plist;
				LD_RUNPATH_SEARCH_PATHS = "$(inherited) @executable_path/Frameworks @loader_path/Frameworks";
				PRODUCT_BUNDLE_IDENTIFIER = BoanasMarc.VirtualTouristTests;
				PRODUCT_NAME = "$(TARGET_NAME)";
				SWIFT_VERSION = 3.0;
				TEST_HOST = "$(BUILT_PRODUCTS_DIR)/VirtualTourist.app/VirtualTourist";
			};
			name = Debug;
		};
		03779C851EB426B600D2CF9C /* Release */ = {
			isa = XCBuildConfiguration;
			buildSettings = {
				ALWAYS_EMBED_SWIFT_STANDARD_LIBRARIES = YES;
				BUNDLE_LOADER = "$(TEST_HOST)";
				DEVELOPMENT_TEAM = KC3W5NG592;
				INFOPLIST_FILE = VirtualTouristTests/Info.plist;
				LD_RUNPATH_SEARCH_PATHS = "$(inherited) @executable_path/Frameworks @loader_path/Frameworks";
				PRODUCT_BUNDLE_IDENTIFIER = BoanasMarc.VirtualTouristTests;
				PRODUCT_NAME = "$(TARGET_NAME)";
				SWIFT_VERSION = 3.0;
				TEST_HOST = "$(BUILT_PRODUCTS_DIR)/VirtualTourist.app/VirtualTourist";
			};
			name = Release;
		};
		03779C871EB426B600D2CF9C /* Debug */ = {
			isa = XCBuildConfiguration;
			buildSettings = {
				ALWAYS_EMBED_SWIFT_STANDARD_LIBRARIES = YES;
				DEVELOPMENT_TEAM = KC3W5NG592;
				INFOPLIST_FILE = VirtualTouristUITests/Info.plist;
				LD_RUNPATH_SEARCH_PATHS = "$(inherited) @executable_path/Frameworks @loader_path/Frameworks";
				PRODUCT_BUNDLE_IDENTIFIER = BoanasMarc.VirtualTouristUITests;
				PRODUCT_NAME = "$(TARGET_NAME)";
				SWIFT_VERSION = 3.0;
				TEST_TARGET_NAME = VirtualTourist;
			};
			name = Debug;
		};
		03779C881EB426B600D2CF9C /* Release */ = {
			isa = XCBuildConfiguration;
			buildSettings = {
				ALWAYS_EMBED_SWIFT_STANDARD_LIBRARIES = YES;
				DEVELOPMENT_TEAM = KC3W5NG592;
				INFOPLIST_FILE = VirtualTouristUITests/Info.plist;
				LD_RUNPATH_SEARCH_PATHS = "$(inherited) @executable_path/Frameworks @loader_path/Frameworks";
				PRODUCT_BUNDLE_IDENTIFIER = BoanasMarc.VirtualTouristUITests;
				PRODUCT_NAME = "$(TARGET_NAME)";
				SWIFT_VERSION = 3.0;
				TEST_TARGET_NAME = VirtualTourist;
			};
			name = Release;
		};
/* End XCBuildConfiguration section */

/* Begin XCConfigurationList section */
		03779C531EB426B300D2CF9C /* Build configuration list for PBXProject "VirtualTourist" */ = {
			isa = XCConfigurationList;
			buildConfigurations = (
				03779C7E1EB426B600D2CF9C /* Debug */,
				03779C7F1EB426B600D2CF9C /* Release */,
			);
			defaultConfigurationIsVisible = 0;
			defaultConfigurationName = Release;
		};
		03779C801EB426B600D2CF9C /* Build configuration list for PBXNativeTarget "VirtualTourist" */ = {
			isa = XCConfigurationList;
			buildConfigurations = (
				03779C811EB426B600D2CF9C /* Debug */,
				03779C821EB426B600D2CF9C /* Release */,
			);
			defaultConfigurationIsVisible = 0;
			defaultConfigurationName = Release;
		};
		03779C831EB426B600D2CF9C /* Build configuration list for PBXNativeTarget "VirtualTouristTests" */ = {
			isa = XCConfigurationList;
			buildConfigurations = (
				03779C841EB426B600D2CF9C /* Debug */,
				03779C851EB426B600D2CF9C /* Release */,
			);
			defaultConfigurationIsVisible = 0;
			defaultConfigurationName = Release;
		};
		03779C861EB426B600D2CF9C /* Build configuration list for PBXNativeTarget "VirtualTouristUITests" */ = {
			isa = XCConfigurationList;
			buildConfigurations = (
				03779C871EB426B600D2CF9C /* Debug */,
				03779C881EB426B600D2CF9C /* Release */,
			);
			defaultConfigurationIsVisible = 0;
			defaultConfigurationName = Release;
		};
/* End XCConfigurationList section */

/* Begin XCVersionGroup section */
		03779C9C1EB4376700D2CF9C /* Model.xcdatamodeld */ = {
			isa = XCVersionGroup;
			children = (
				03779C9D1EB4376700D2CF9C /* Model.xcdatamodel */,
			);
			currentVersion = 03779C9D1EB4376700D2CF9C /* Model.xcdatamodel */;
			path = Model.xcdatamodeld;
			sourceTree = "<group>";
			versionGroupType = wrapper.xcdatamodel;
		};
/* End XCVersionGroup section */
	};
	rootObject = 03779C501EB426B300D2CF9C /* Project object */;
}
